
Microsoft Visual Studio Solution File, Format Version 12.00
# Visual Studio Version 17
VisualStudioVersion = 17.2.32519.379
MinimumVisualStudioVersion = 10.0.40219.1
Project("{FAE04EC0-301F-11D3-BF4B-00C04F79EFBC}") = "PabloBot", "PabloBot\PabloBot.csproj", "{05437E56-C02C-407C-B293-6D115C7C3624}"
EndProject
Global
	GlobalSection(SolutionConfigurationPlatforms) = preSolution
		Debug|Any CPU = Debug|Any CPU
		Release|Any CPU = Release|Any CPU
	EndGlobalSection
	GlobalSection(ProjectConfigurationPlatforms) = postSolution
		{05437E56-C02C-407C-B293-6D115C7C3624}.Debug|Any CPU.ActiveCfg = Debug|Any CPU
		{05437E56-C02C-407C-B293-6D115C7C3624}.Debug|Any CPU.Build.0 = Debug|Any CPU
		{05437E56-C02C-407C-B293-6D115C7C3624}.Release|Any CPU.ActiveCfg = Release|Any CPU
		{05437E56-C02C-407C-B293-6D115C7C3624}.Release|Any CPU.Build.0 = Release|Any CPU
	EndGlobalSection
	GlobalSection(SolutionProperties) = preSolution
		HideSolutionNode = FALSE
	EndGlobalSection
	GlobalSection(ExtensibilityGlobals) = postSolution
		SolutionGuid = {97321EB1-6113-4184-9EEE-AE9935F7D7DC}
	EndGlobalSection
EndGlobal
